// !$*UTF8*$!
{
	archiveVersion = 1;
	classes = {
	};
	objectVersion = 50;
	objects = {

/* Begin PBXBuildFile section */
		BB0B01E123F89A5A006F86E5 /* Services.swift in Sources */ = {isa = PBXBuildFile; fileRef = BB0B01E023F89A5A006F86E5 /* Services.swift */; };
		BB75A95E23F894EB00835734 /* AppDelegate.swift in Sources */ = {isa = PBXBuildFile; fileRef = BB75A95D23F894EB00835734 /* AppDelegate.swift */; };
		BB75A96023F894EB00835734 /* SceneDelegate.swift in Sources */ = {isa = PBXBuildFile; fileRef = BB75A95F23F894EB00835734 /* SceneDelegate.swift */; };
		BB75A96223F894EB00835734 /* ContentView.swift in Sources */ = {isa = PBXBuildFile; fileRef = BB75A96123F894EB00835734 /* ContentView.swift */; };
		BB75A96423F894EC00835734 /* Assets.xcassets in Resources */ = {isa = PBXBuildFile; fileRef = BB75A96323F894EC00835734 /* Assets.xcassets */; };
		BB75A96723F894EC00835734 /* Preview Assets.xcassets in Resources */ = {isa = PBXBuildFile; fileRef = BB75A96623F894EC00835734 /* Preview Assets.xcassets */; };
		BB75A96A23F894EC00835734 /* LaunchScreen.storyboard in Resources */ = {isa = PBXBuildFile; fileRef = BB75A96823F894EC00835734 /* LaunchScreen.storyboard */; };
		BB75A97423F8953F00835734 /* CTRating-old.swift in Sources */ = {isa = PBXBuildFile; fileRef = BB75A97323F8953F00835734 /* CTRating-old.swift */; };
		E4B7567F29272C8800665949 /* CTRating.swift in Sources */ = {isa = PBXBuildFile; fileRef = E4B7567E29272C8800665949 /* CTRating.swift */; };
/* End PBXBuildFile section */

/* Begin PBXFileReference section */
		BB0B01E023F89A5A006F86E5 /* Services.swift */ = {isa = PBXFileReference; lastKnownFileType = sourcecode.swift; path = Services.swift; sourceTree = "<group>"; };
		BB75A95A23F894EB00835734 /* Documentation Example.app */ = {isa = PBXFileReference; explicitFileType = wrapper.application; includeInIndex = 0; path = "Documentation Example.app"; sourceTree = BUILT_PRODUCTS_DIR; };
		BB75A95D23F894EB00835734 /* AppDelegate.swift */ = {isa = PBXFileReference; lastKnownFileType = sourcecode.swift; path = AppDelegate.swift; sourceTree = "<group>"; };
		BB75A95F23F894EB00835734 /* SceneDelegate.swift */ = {isa = PBXFileReference; lastKnownFileType = sourcecode.swift; path = SceneDelegate.swift; sourceTree = "<group>"; };
		BB75A96123F894EB00835734 /* ContentView.swift */ = {isa = PBXFileReference; lastKnownFileType = sourcecode.swift; path = ContentView.swift; sourceTree = "<group>"; };
		BB75A96323F894EC00835734 /* Assets.xcassets */ = {isa = PBXFileReference; lastKnownFileType = folder.assetcatalog; path = Assets.xcassets; sourceTree = "<group>"; };
		BB75A96623F894EC00835734 /* Preview Assets.xcassets */ = {isa = PBXFileReference; lastKnownFileType = folder.assetcatalog; path = "Preview Assets.xcassets"; sourceTree = "<group>"; };
		BB75A96923F894EC00835734 /* Base */ = {isa = PBXFileReference; lastKnownFileType = file.storyboard; name = Base; path = Base.lproj/LaunchScreen.storyboard; sourceTree = "<group>"; };
		BB75A96B23F894EC00835734 /* Info.plist */ = {isa = PBXFileReference; lastKnownFileType = text.plist.xml; path = Info.plist; sourceTree = "<group>"; };
		BB75A97323F8953F00835734 /* CTRating-old.swift */ = {isa = PBXFileReference; lastKnownFileType = sourcecode.swift; path = "CTRating-old.swift"; sourceTree = "<group>"; };
		E4B7567E29272C8800665949 /* CTRating.swift */ = {isa = PBXFileReference; lastKnownFileType = sourcecode.swift; path = CTRating.swift; sourceTree = "<group>"; };
/* End PBXFileReference section */

/* Begin PBXFrameworksBuildPhase section */
		BB75A95723F894EB00835734 /* Frameworks */ = {
			isa = PBXFrameworksBuildPhase;
			buildActionMask = 2147483647;
			files = (
			);
			runOnlyForDeploymentPostprocessing = 0;
		};
/* End PBXFrameworksBuildPhase section */

/* Begin PBXGroup section */
		BB75A95123F894EB00835734 = {
			isa = PBXGroup;
			children = (
				BB75A95C23F894EB00835734 /* Documentation Example */,
				BB75A95B23F894EB00835734 /* Products */,
			);
			sourceTree = "<group>";
		};
		BB75A95B23F894EB00835734 /* Products */ = {
			isa = PBXGroup;
			children = (
				BB75A95A23F894EB00835734 /* Documentation Example.app */,
			);
			name = Products;
			sourceTree = "<group>";
		};
		BB75A95C23F894EB00835734 /* Documentation Example */ = {
			isa = PBXGroup;
			children = (
				BB75A95D23F894EB00835734 /* AppDelegate.swift */,
				BB75A95F23F894EB00835734 /* SceneDelegate.swift */,
				BB75A96123F894EB00835734 /* ContentView.swift */,
				BB75A96323F894EC00835734 /* Assets.xcassets */,
				BB75A96823F894EC00835734 /* LaunchScreen.storyboard */,
				BB75A96B23F894EC00835734 /* Info.plist */,
				BB75A96523F894EC00835734 /* Preview Content */,
				BB75A97323F8953F00835734 /* CTRating-old.swift */,
				E4B7567E29272C8800665949 /* CTRating.swift */,
				BB0B01E023F89A5A006F86E5 /* Services.swift */,
			);
			path = "Documentation Example";
			sourceTree = "<group>";
		};
		BB75A96523F894EC00835734 /* Preview Content */ = {
			isa = PBXGroup;
			children = (
				BB75A96623F894EC00835734 /* Preview Assets.xcassets */,
			);
			path = "Preview Content";
			sourceTree = "<group>";
		};
/* End PBXGroup section */

/* Begin PBXNativeTarget section */
		BB75A95923F894EB00835734 /* Documentation Example */ = {
			isa = PBXNativeTarget;
			buildConfigurationList = BB75A96E23F894EC00835734 /* Build configuration list for PBXNativeTarget "Documentation Example" */;
			buildPhases = (
				BB75A95623F894EB00835734 /* Sources */,
				BB75A95723F894EB00835734 /* Frameworks */,
				BB75A95823F894EB00835734 /* Resources */,
			);
			buildRules = (
			);
			dependencies = (
			);
			name = "Documentation Example";
			productName = "Documentation Example";
			productReference = BB75A95A23F894EB00835734 /* Documentation Example.app */;
			productType = "com.apple.product-type.application";
		};
/* End PBXNativeTarget section */

/* Begin PBXProject section */
		BB75A95223F894EB00835734 /* Project object */ = {
			isa = PBXProject;
			attributes = {
				LastSwiftUpdateCheck = 1130;
				LastUpgradeCheck = 1130;
				ORGANIZATIONNAME = "CreaTECH Solutions";
				TargetAttributes = {
					BB75A95923F894EB00835734 = {
						CreatedOnToolsVersion = 11.3.1;
					};
				};
			};
			buildConfigurationList = BB75A95523F894EB00835734 /* Build configuration list for PBXProject "Documentation Example" */;
			compatibilityVersion = "Xcode 9.3";
			developmentRegion = en;
			hasScannedForEncodings = 0;
			knownRegions = (
				en,
				Base,
			);
			mainGroup = BB75A95123F894EB00835734;
			productRefGroup = BB75A95B23F894EB00835734 /* Products */;
			projectDirPath = "";
			projectRoot = "";
			targets = (
				BB75A95923F894EB00835734 /* Documentation Example */,
			);
		};
/* End PBXProject section */

/* Begin PBXResourcesBuildPhase section */
		BB75A95823F894EB00835734 /* Resources */ = {
			isa = PBXResourcesBuildPhase;
			buildActionMask = 2147483647;
			files = (
				BB75A96A23F894EC00835734 /* LaunchScreen.storyboard in Resources */,
				BB75A96723F894EC00835734 /* Preview Assets.xcassets in Resources */,
				BB75A96423F894EC00835734 /* Assets.xcassets in Resources */,
			);
			runOnlyForDeploymentPostprocessing = 0;
		};
/* End PBXResourcesBuildPhase section */

/* Begin PBXSourcesBuildPhase section */
		BB75A95623F894EB00835734 /* Sources */ = {
			isa = PBXSourcesBuildPhase;
			buildActionMask = 2147483647;
			files = (
				BB0B01E123F89A5A006F86E5 /* Services.swift in Sources */,
				E4B7567F29272C8800665949 /* CTRating.swift in Sources */,
				BB75A95E23F894EB00835734 /* AppDelegate.swift in Sources */,
				BB75A96023F894EB00835734 /* SceneDelegate.swift in Sources */,
				BB75A97423F8953F00835734 /* CTRating-old.swift in Sources */,
				BB75A96223F894EB00835734 /* ContentView.swift in Sources */,
			);
			runOnlyForDeploymentPostprocessing = 0;
		};
/* End PBXSourcesBuildPhase section */

/* Begin PBXVariantGroup section */
		BB75A96823F894EC00835734 /* LaunchScreen.storyboard */ = {
			isa = PBXVariantGroup;
			children = (
				BB75A96923F894EC00835734 /* Base */,
			);
			name = LaunchScreen.storyboard;
			sourceTree = "<group>";
		};
/* End PBXVariantGroup section */

/* Begin XCBuildConfiguration section */
		BB75A96C23F894EC00835734 /* Debug */ = {
			isa = XCBuildConfiguration;
			buildSettings = {
				ALWAYS_SEARCH_USER_PATHS = NO;
				CLANG_ANALYZER_NONNULL = YES;
				CLANG_ANALYZER_NUMBER_OBJECT_CONVERSION = YES_AGGRESSIVE;
				CLANG_CXX_LANGUAGE_STANDARD = "gnu++14";
				CLANG_CXX_LIBRARY = "libc++";
				CLANG_ENABLE_MODULES = YES;
				CLANG_ENABLE_OBJC_ARC = YES;
				CLANG_ENABLE_OBJC_WEAK = YES;
				CLANG_WARN_BLOCK_CAPTURE_AUTORELEASING = YES;
				CLANG_WARN_BOOL_CONVERSION = YES;
				CLANG_WARN_COMMA = YES;
				CLANG_WARN_CONSTANT_CONVERSION = YES;
				CLANG_WARN_DEPRECATED_OBJC_IMPLEMENTATIONS = YES;
				CLANG_WARN_DIRECT_OBJC_ISA_USAGE = YES_ERROR;
				CLANG_WARN_DOCUMENTATION_COMMENTS = YES;
				CLANG_WARN_EMPTY_BODY = YES;
				CLANG_WARN_ENUM_CONVERSION = YES;
				CLANG_WARN_INFINITE_RECURSION = YES;
				CLANG_WARN_INT_CONVERSION = YES;
				CLANG_WARN_NON_LITERAL_NULL_CONVERSION = YES;
				CLANG_WARN_OBJC_IMPLICIT_RETAIN_SELF = YES;
				CLANG_WARN_OBJC_LITERAL_CONVERSION = YES;
				CLANG_WARN_OBJC_ROOT_CLASS = YES_ERROR;
				CLANG_WARN_RANGE_LOOP_ANALYSIS = YES;
				CLANG_WARN_STRICT_PROTOTYPES = YES;
				CLANG_WARN_SUSPICIOUS_MOVE = YES;
				CLANG_WARN_UNGUARDED_AVAILABILITY = YES_AGGRESSIVE;
				CLANG_WARN_UNREACHABLE_CODE = YES;
				CLANG_WARN__DUPLICATE_METHOD_MATCH = YES;
				COPY_PHASE_STRIP = NO;
				DEBUG_INFORMATION_FORMAT = dwarf;
				ENABLE_STRICT_OBJC_MSGSEND = YES;
				ENABLE_TESTABILITY = YES;
				GCC_C_LANGUAGE_STANDARD = gnu11;
				GCC_DYNAMIC_NO_PIC = NO;
				GCC_NO_COMMON_BLOCKS = YES;
				GCC_OPTIMIZATION_LEVEL = 0;
				GCC_PREPROCESSOR_DEFINITIONS = (
					"DEBUG=1",
					"$(inherited)",
				);
				GCC_WARN_64_TO_32_BIT_CONVERSION = YES;
				GCC_WARN_ABOUT_RETURN_TYPE = YES_ERROR;
				GCC_WARN_UNDECLARED_SELECTOR = YES;
				GCC_WARN_UNINITIALIZED_AUTOS = YES_AGGRESSIVE;
				GCC_WARN_UNUSED_FUNCTION = YES;
				GCC_WARN_UNUSED_VARIABLE = YES;
				IPHONEOS_DEPLOYMENT_TARGET = 13.2;
				MTL_ENABLE_DEBUG_INFO = INCLUDE_SOURCE;
				MTL_FAST_MATH = YES;
				ONLY_ACTIVE_ARCH = YES;
				SDKROOT = iphoneos;
				SWIFT_ACTIVE_COMPILATION_CONDITIONS = DEBUG;
				SWIFT_OPTIMIZATION_LEVEL = "-Onone";
			};
			name = Debug;
		};
		BB75A96D23F894EC00835734 /* Release */ = {
			isa = XCBuildConfiguration;
			buildSettings = {
				ALWAYS_SEARCH_USER_PATHS = NO;
				CLANG_ANALYZER_NONNULL = YES;
				CLANG_ANALYZER_NUMBER_OBJECT_CONVERSION = YES_AGGRESSIVE;
				CLANG_CXX_LANGUAGE_STANDARD = "gnu++14";
				CLANG_CXX_LIBRARY = "libc++";
				CLANG_ENABLE_MODULES = YES;
				CLANG_ENABLE_OBJC_ARC = YES;
				CLANG_ENABLE_OBJC_WEAK = YES;
				CLANG_WARN_BLOCK_CAPTURE_AUTORELEASING = YES;
				CLANG_WARN_BOOL_CONVERSION = YES;
				CLANG_WARN_COMMA = YES;
				CLANG_WARN_CONSTANT_CONVERSION = YES;
				CLANG_WARN_DEPRECATED_OBJC_IMPLEMENTATIONS = YES;
				CLANG_WARN_DIRECT_OBJC_ISA_USAGE = YES_ERROR;
				CLANG_WARN_DOCUMENTATION_COMMENTS = YES;
				CLANG_WARN_EMPTY_BODY = YES;
				CLANG_WARN_ENUM_CONVERSION = YES;
				CLANG_WARN_INFINITE_RECURSION = YES;
				CLANG_WARN_INT_CONVERSION = YES;
				CLANG_WARN_NON_LITERAL_NULL_CONVERSION = YES;
				CLANG_WARN_OBJC_IMPLICIT_RETAIN_SELF = YES;
				CLANG_WARN_OBJC_LITERAL_CONVERSION = YES;
				CLANG_WARN_OBJC_ROOT_CLASS = YES_ERROR;
				CLANG_WARN_RANGE_LOOP_ANALYSIS = YES;
				CLANG_WARN_STRICT_PROTOTYPES = YES;
				CLANG_WARN_SUSPICIOUS_MOVE = YES;
				CLANG_WARN_UNGUARDED_AVAILABILITY = YES_AGGRESSIVE;
				CLANG_WARN_UNREACHABLE_CODE = YES;
				CLANG_WARN__DUPLICATE_METHOD_MATCH = YES;
				COPY_PHASE_STRIP = NO;
				DEBUG_INFORMATION_FORMAT = "dwarf-with-dsym";
				ENABLE_NS_ASSERTIONS = NO;
				ENABLE_STRICT_OBJC_MSGSEND = YES;
				GCC_C_LANGUAGE_STANDARD = gnu11;
				GCC_NO_COMMON_BLOCKS = YES;
				GCC_WARN_64_TO_32_BIT_CONVERSION = YES;
				GCC_WARN_ABOUT_RETURN_TYPE = YES_ERROR;
				GCC_WARN_UNDECLARED_SELECTOR = YES;
				GCC_WARN_UNINITIALIZED_AUTOS = YES_AGGRESSIVE;
				GCC_WARN_UNUSED_FUNCTION = YES;
				GCC_WARN_UNUSED_VARIABLE = YES;
				IPHONEOS_DEPLOYMENT_TARGET = 13.2;
				MTL_ENABLE_DEBUG_INFO = NO;
				MTL_FAST_MATH = YES;
				SDKROOT = iphoneos;
				SWIFT_COMPILATION_MODE = wholemodule;
				SWIFT_OPTIMIZATION_LEVEL = "-O";
				VALIDATE_PRODUCT = YES;
			};
			name = Release;
		};
		BB75A96F23F894EC00835734 /* Debug */ = {
			isa = XCBuildConfiguration;
			buildSettings = {
				ASSETCATALOG_COMPILER_APPICON_NAME = AppIcon;
				CODE_SIGN_STYLE = Automatic;
				DEVELOPMENT_ASSET_PATHS = "\"Documentation Example/Preview Content\"";
				DEVELOPMENT_TEAM = RKV4UP49S6;
				ENABLE_PREVIEWS = YES;
				INFOPLIST_FILE = "Documentation Example/Info.plist";
				LD_RUNPATH_SEARCH_PATHS = (
					"$(inherited)",
					"@executable_path/Frameworks",
				);
				PRODUCT_BUNDLE_IDENTIFIER = "com.createchsol.Documentation-Example";
				PRODUCT_NAME = "$(TARGET_NAME)";
				SWIFT_VERSION = 5.0;
				TARGETED_DEVICE_FAMILY = "1,2";
			};
			name = Debug;
		};
		BB75A97023F894EC00835734 /* Release */ = {
			isa = XCBuildConfiguration;
			buildSettings = {
				ASSETCATALOG_COMPILER_APPICON_NAME = AppIcon;
				CODE_SIGN_STYLE = Automatic;
				DEVELOPMENT_ASSET_PATHS = "\"Documentation Example/Preview Content\"";
				DEVELOPMENT_TEAM = RKV4UP49S6;
				ENABLE_PREVIEWS = YES;
				INFOPLIST_FILE = "Documentation Example/Info.plist";
				LD_RUNPATH_SEARCH_PATHS = (
					"$(inherited)",
					"@executable_path/Frameworks",
				);
				PRODUCT_BUNDLE_IDENTIFIER = "com.createchsol.Documentation-Example";
				PRODUCT_NAME = "$(TARGET_NAME)";
				SWIFT_VERSION = 5.0;
				TARGETED_DEVICE_FAMILY = "1,2";
			};
			name = Release;
		};
/* End XCBuildConfiguration section */

/* Begin XCConfigurationList section */
		BB75A95523F894EB00835734 /* Build configuration list for PBXProject "Documentation Example" */ = {
			isa = XCConfigurationList;
			buildConfigurations = (
				BB75A96C23F894EC00835734 /* Debug */,
				BB75A96D23F894EC00835734 /* Release */,
			);
			defaultConfigurationIsVisible = 0;
			defaultConfigurationName = Release;
		};
		BB75A96E23F894EC00835734 /* Build configuration list for PBXNativeTarget "Documentation Example" */ = {
			isa = XCConfigurationList;
			buildConfigurations = (
				BB75A96F23F894EC00835734 /* Debug */,
				BB75A97023F894EC00835734 /* Release */,
			);
			defaultConfigurationIsVisible = 0;
			defaultConfigurationName = Release;
		};
/* End XCConfigurationList section */
	};
	rootObject = BB75A95223F894EB00835734 /* Project object */;
}
